
Microsoft Visual Studio Solution File, Format Version 12.00
# Visual Studio Version 16
VisualStudioVersion = 16.0.31205.134
MinimumVisualStudioVersion = 10.0.40219.1
Project("{2150E333-8FDC-42A3-9474-1A3956D46DE8}") = "src", "src", "{6225D57D-7AAF-4745-B1DB-080EEC83439C}"
EndProject
Project("{2150E333-8FDC-42A3-9474-1A3956D46DE8}") = "docs", "docs", "{961AA9DF-CD98-4CCF-98C0-68B6F66D4E58}"
	ProjectSection(SolutionItems) = preProject
		docs\map.png = docs\map.png
		docs\context map.png = docs\context map.png
	EndProjectSection
EndProject
Project("{FAE04EC0-301F-11D3-BF4B-00C04F79EFBC}") = "ClientUI", "src\ClientUI\ClientUI.csproj", "{5D07FFCD-6EEE-4FEA-94FE-96D82D5DC4BB}"
EndProject
Project("{FAE04EC0-301F-11D3-BF4B-00C04F79EFBC}") = "Messages", "src\Messages\Messages.csproj", "{27C9DAE8-EF11-4B6E-B288-214D720C8364}"
EndProject
Project("{FAE04EC0-301F-11D3-BF4B-00C04F79EFBC}") = "Platform", "src\Platform\Platform.csproj", "{4F4B49C1-F0C1-449E-9D65-1F59FFB45BAA}"
EndProject
Project("{FAE04EC0-301F-11D3-BF4B-00C04F79EFBC}") = "Sales", "src\Sales\Sales.csproj", "{242ED825-2151-4BB1-AAF7-1EB23EB7B3EB}"
EndProject
Project("{FAE04EC0-301F-11D3-BF4B-00C04F79EFBC}") = "Finance", "src\Finance\Finance.csproj", "{EF0C35C3-16E2-49FC-85F9-F7F1D5514DCF}"
EndProject
Project("{FAE04EC0-301F-11D3-BF4B-00C04F79EFBC}") = "Shipping", "src\Shipping\Shipping.csproj", "{E140415A-BD02-4D5B-8353-2B2776ECBA6A}"
EndProject
Project("{FAE04EC0-301F-11D3-BF4B-00C04F79EFBC}") = "Warehouse", "src\Warehouse\Warehouse.csproj", "{C90F68A4-407F-4E41-A6A8-A1740D490CF2}"
EndProject
Project("{FAE04EC0-301F-11D3-BF4B-00C04F79EFBC}") = "OrderProcessing", "src\OrderProcessing\OrderProcessing.csproj", "{198E4ECA-5E33-4417-80B6-2F427BEF41A2}"
EndProject
Project("{2150E333-8FDC-42A3-9474-1A3956D46DE8}") = "External", "External", "{203047E9-AEF0-4120-BA54-DE89B39C2B25}"
EndProject
Project("{FAE04EC0-301F-11D3-BF4B-00C04F79EFBC}") = "ExternalPaymentProcessor", "src\ExternalPaymentProcessor\ExternalPaymentProcessor.csproj", "{D1A9FFBB-E4F6-466F-BE40-BA68124C35A7}"
EndProject
Project("{FAE04EC0-301F-11D3-BF4B-00C04F79EFBC}") = "Store", "src\Store\Store.csproj", "{152DB738-00CB-4DD1-856C-95AB95DD3535}"
EndProject
Project("{FAE04EC0-301F-11D3-BF4B-00C04F79EFBC}") = "ExternalShippingAgent", "src\ExternalShippingAgent\ExternalShippingAgent.csproj", "{B0EF00D0-CE7E-4FEB-9E2E-727593635793}"
EndProject
Project("{FAE04EC0-301F-11D3-BF4B-00C04F79EFBC}") = "CustomerService", "src\CustomerService\CustomerService.csproj", "{AEB1A27E-D623-4843-A9B4-FA8F9A395562}"
EndProject
Project("{FAE04EC0-301F-11D3-BF4B-00C04F79EFBC}") = "WarehouseWorkerUI", "src\WarehouseWorkerUI\WarehouseWorkerUI.csproj", "{D8C69CCE-DF13-4577-820E-0F958BAF1D7B}"
EndProject
Project("{FAE04EC0-301F-11D3-BF4B-00C04F79EFBC}") = "Shared", "src\Shared\Shared.csproj", "{FC1CE4C8-A07F-4CA8-B1FD-6E4B3DB4564C}"
EndProject
Project("{FAE04EC0-301F-11D3-BF4B-00C04F79EFBC}") = "Warehouse.WebApi", "src\Warehouse.WebApi\Warehouse.WebApi.csproj", "{93C676FE-B0A5-40F9-BF03-9174418BA06D}"
EndProject
Project("{2150E333-8FDC-42A3-9474-1A3956D46DE8}") = "readme", "readme", "{CFA15AC9-2846-425D-A574-EF42834F965D}"
	ProjectSection(SolutionItems) = preProject
		README.md = README.md
	EndProjectSection
EndProject
Global
	GlobalSection(SolutionConfigurationPlatforms) = preSolution
		Debug|Any CPU = Debug|Any CPU
		Release|Any CPU = Release|Any CPU
	EndGlobalSection
	GlobalSection(ProjectConfigurationPlatforms) = postSolution
		{5D07FFCD-6EEE-4FEA-94FE-96D82D5DC4BB}.Debug|Any CPU.ActiveCfg = Debug|Any CPU
		{5D07FFCD-6EEE-4FEA-94FE-96D82D5DC4BB}.Debug|Any CPU.Build.0 = Debug|Any CPU
		{5D07FFCD-6EEE-4FEA-94FE-96D82D5DC4BB}.Release|Any CPU.ActiveCfg = Release|Any CPU
		{5D07FFCD-6EEE-4FEA-94FE-96D82D5DC4BB}.Release|Any CPU.Build.0 = Release|Any CPU
		{27C9DAE8-EF11-4B6E-B288-214D720C8364}.Debug|Any CPU.ActiveCfg = Debug|Any CPU
		{27C9DAE8-EF11-4B6E-B288-214D720C8364}.Debug|Any CPU.Build.0 = Debug|Any CPU
		{27C9DAE8-EF11-4B6E-B288-214D720C8364}.Release|Any CPU.ActiveCfg = Release|Any CPU
		{27C9DAE8-EF11-4B6E-B288-214D720C8364}.Release|Any CPU.Build.0 = Release|Any CPU
		{4F4B49C1-F0C1-449E-9D65-1F59FFB45BAA}.Debug|Any CPU.ActiveCfg = Debug|Any CPU
		{4F4B49C1-F0C1-449E-9D65-1F59FFB45BAA}.Debug|Any CPU.Build.0 = Debug|Any CPU
		{4F4B49C1-F0C1-449E-9D65-1F59FFB45BAA}.Release|Any CPU.ActiveCfg = Release|Any CPU
		{4F4B49C1-F0C1-449E-9D65-1F59FFB45BAA}.Release|Any CPU.Build.0 = Release|Any CPU
		{242ED825-2151-4BB1-AAF7-1EB23EB7B3EB}.Debug|Any CPU.ActiveCfg = Debug|Any CPU
		{242ED825-2151-4BB1-AAF7-1EB23EB7B3EB}.Debug|Any CPU.Build.0 = Debug|Any CPU
		{242ED825-2151-4BB1-AAF7-1EB23EB7B3EB}.Release|Any CPU.ActiveCfg = Release|Any CPU
		{242ED825-2151-4BB1-AAF7-1EB23EB7B3EB}.Release|Any CPU.Build.0 = Release|Any CPU
		{EF0C35C3-16E2-49FC-85F9-F7F1D5514DCF}.Debug|Any CPU.ActiveCfg = Debug|Any CPU
		{EF0C35C3-16E2-49FC-85F9-F7F1D5514DCF}.Debug|Any CPU.Build.0 = Debug|Any CPU
		{EF0C35C3-16E2-49FC-85F9-F7F1D5514DCF}.Release|Any CPU.ActiveCfg = Release|Any CPU
		{EF0C35C3-16E2-49FC-85F9-F7F1D5514DCF}.Release|Any CPU.Build.0 = Release|Any CPU
		{E140415A-BD02-4D5B-8353-2B2776ECBA6A}.Debug|Any CPU.ActiveCfg = Debug|Any CPU
		{E140415A-BD02-4D5B-8353-2B2776ECBA6A}.Debug|Any CPU.Build.0 = Debug|Any CPU
		{E140415A-BD02-4D5B-8353-2B2776ECBA6A}.Release|Any CPU.ActiveCfg = Release|Any CPU
		{E140415A-BD02-4D5B-8353-2B2776ECBA6A}.Release|Any CPU.Build.0 = Release|Any CPU
		{C90F68A4-407F-4E41-A6A8-A1740D490CF2}.Debug|Any CPU.ActiveCfg = Debug|Any CPU
		{C90F68A4-407F-4E41-A6A8-A1740D490CF2}.Debug|Any CPU.Build.0 = Debug|Any CPU
		{C90F68A4-407F-4E41-A6A8-A1740D490CF2}.Release|Any CPU.ActiveCfg = Release|Any CPU
		{C90F68A4-407F-4E41-A6A8-A1740D490CF2}.Release|Any CPU.Build.0 = Release|Any CPU
		{198E4ECA-5E33-4417-80B6-2F427BEF41A2}.Debug|Any CPU.ActiveCfg = Debug|Any CPU
		{198E4ECA-5E33-4417-80B6-2F427BEF41A2}.Debug|Any CPU.Build.0 = Debug|Any CPU
		{198E4ECA-5E33-4417-80B6-2F427BEF41A2}.Release|Any CPU.ActiveCfg = Release|Any CPU
		{198E4ECA-5E33-4417-80B6-2F427BEF41A2}.Release|Any CPU.Build.0 = Release|Any CPU
		{D1A9FFBB-E4F6-466F-BE40-BA68124C35A7}.Debug|Any CPU.ActiveCfg = Debug|Any CPU
		{D1A9FFBB-E4F6-466F-BE40-BA68124C35A7}.Debug|Any CPU.Build.0 = Debug|Any CPU
		{D1A9FFBB-E4F6-466F-BE40-BA68124C35A7}.Release|Any CPU.ActiveCfg = Release|Any CPU
		{D1A9FFBB-E4F6-466F-BE40-BA68124C35A7}.Release|Any CPU.Build.0 = Release|Any CPU
		{152DB738-00CB-4DD1-856C-95AB95DD3535}.Debug|Any CPU.ActiveCfg = Debug|Any CPU
		{152DB738-00CB-4DD1-856C-95AB95DD3535}.Debug|Any CPU.Build.0 = Debug|Any CPU
		{152DB738-00CB-4DD1-856C-95AB95DD3535}.Release|Any CPU.ActiveCfg = Release|Any CPU
		{152DB738-00CB-4DD1-856C-95AB95DD3535}.Release|Any CPU.Build.0 = Release|Any CPU
		{B0EF00D0-CE7E-4FEB-9E2E-727593635793}.Debug|Any CPU.ActiveCfg = Debug|Any CPU
		{B0EF00D0-CE7E-4FEB-9E2E-727593635793}.Debug|Any CPU.Build.0 = Debug|Any CPU
		{B0EF00D0-CE7E-4FEB-9E2E-727593635793}.Release|Any CPU.ActiveCfg = Release|Any CPU
		{B0EF00D0-CE7E-4FEB-9E2E-727593635793}.Release|Any CPU.Build.0 = Release|Any CPU
		{AEB1A27E-D623-4843-A9B4-FA8F9A395562}.Debug|Any CPU.ActiveCfg = Debug|Any CPU
		{AEB1A27E-D623-4843-A9B4-FA8F9A395562}.Debug|Any CPU.Build.0 = Debug|Any CPU
		{AEB1A27E-D623-4843-A9B4-FA8F9A395562}.Release|Any CPU.ActiveCfg = Release|Any CPU
		{AEB1A27E-D623-4843-A9B4-FA8F9A395562}.Release|Any CPU.Build.0 = Release|Any CPU
		{D8C69CCE-DF13-4577-820E-0F958BAF1D7B}.Debug|Any CPU.ActiveCfg = Debug|Any CPU
		{D8C69CCE-DF13-4577-820E-0F958BAF1D7B}.Debug|Any CPU.Build.0 = Debug|Any CPU
		{D8C69CCE-DF13-4577-820E-0F958BAF1D7B}.Release|Any CPU.ActiveCfg = Release|Any CPU
		{D8C69CCE-DF13-4577-820E-0F958BAF1D7B}.Release|Any CPU.Build.0 = Release|Any CPU
		{FC1CE4C8-A07F-4CA8-B1FD-6E4B3DB4564C}.Debug|Any CPU.ActiveCfg = Debug|Any CPU
		{FC1CE4C8-A07F-4CA8-B1FD-6E4B3DB4564C}.Debug|Any CPU.Build.0 = Debug|Any CPU
		{FC1CE4C8-A07F-4CA8-B1FD-6E4B3DB4564C}.Release|Any CPU.ActiveCfg = Release|Any CPU
		{FC1CE4C8-A07F-4CA8-B1FD-6E4B3DB4564C}.Release|Any CPU.Build.0 = Release|Any CPU
		{93C676FE-B0A5-40F9-BF03-9174418BA06D}.Debug|Any CPU.ActiveCfg = Debug|Any CPU
		{93C676FE-B0A5-40F9-BF03-9174418BA06D}.Debug|Any CPU.Build.0 = Debug|Any CPU
		{93C676FE-B0A5-40F9-BF03-9174418BA06D}.Release|Any CPU.ActiveCfg = Release|Any CPU
		{93C676FE-B0A5-40F9-BF03-9174418BA06D}.Release|Any CPU.Build.0 = Release|Any CPU
	EndGlobalSection
	GlobalSection(SolutionProperties) = preSolution
		HideSolutionNode = FALSE
	EndGlobalSection
	GlobalSection(ExtensibilityGlobals) = postSolution
		SolutionGuid = {C2410EFA-48DB-427C-AB33-7187EEC94304}
	EndGlobalSection
	GlobalSection(NestedProjects) = preSolution
		{5D07FFCD-6EEE-4FEA-94FE-96D82D5DC4BB} = {6225D57D-7AAF-4745-B1DB-080EEC83439C}
		{27C9DAE8-EF11-4B6E-B288-214D720C8364} = {6225D57D-7AAF-4745-B1DB-080EEC83439C}
		{4F4B49C1-F0C1-449E-9D65-1F59FFB45BAA} = {6225D57D-7AAF-4745-B1DB-080EEC83439C}
		{242ED825-2151-4BB1-AAF7-1EB23EB7B3EB} = {6225D57D-7AAF-4745-B1DB-080EEC83439C}
		{EF0C35C3-16E2-49FC-85F9-F7F1D5514DCF} = {6225D57D-7AAF-4745-B1DB-080EEC83439C}
		{E140415A-BD02-4D5B-8353-2B2776ECBA6A} = {6225D57D-7AAF-4745-B1DB-080EEC83439C}
		{C90F68A4-407F-4E41-A6A8-A1740D490CF2} = {6225D57D-7AAF-4745-B1DB-080EEC83439C}
		{198E4ECA-5E33-4417-80B6-2F427BEF41A2} = {6225D57D-7AAF-4745-B1DB-080EEC83439C}
		{203047E9-AEF0-4120-BA54-DE89B39C2B25} = {6225D57D-7AAF-4745-B1DB-080EEC83439C}
		{D1A9FFBB-E4F6-466F-BE40-BA68124C35A7} = {203047E9-AEF0-4120-BA54-DE89B39C2B25}
		{152DB738-00CB-4DD1-856C-95AB95DD3535} = {6225D57D-7AAF-4745-B1DB-080EEC83439C}
		{B0EF00D0-CE7E-4FEB-9E2E-727593635793} = {203047E9-AEF0-4120-BA54-DE89B39C2B25}
		{AEB1A27E-D623-4843-A9B4-FA8F9A395562} = {6225D57D-7AAF-4745-B1DB-080EEC83439C}
		{D8C69CCE-DF13-4577-820E-0F958BAF1D7B} = {6225D57D-7AAF-4745-B1DB-080EEC83439C}
		{FC1CE4C8-A07F-4CA8-B1FD-6E4B3DB4564C} = {6225D57D-7AAF-4745-B1DB-080EEC83439C}
		{93C676FE-B0A5-40F9-BF03-9174418BA06D} = {6225D57D-7AAF-4745-B1DB-080EEC83439C}
	EndGlobalSection
EndGlobal
